
Microsoft Visual Studio Solution File, Format Version 12.00
# Visual Studio 14
VisualStudioVersion = 14.0.25420.1
MinimumVisualStudioVersion = 10.0.40219.1
Project("{2150E333-8FDC-42A3-9474-1A3956D46DE8}") = "src", "src", "{E52B6475-7E01-4B09-B968-757B3DE1156A}"
EndProject
Project("{2150E333-8FDC-42A3-9474-1A3956D46DE8}") = "Solution Items", "Solution Items", "{593A21F6-D785-4A9D-8D3D-116195B82007}"
	ProjectSection(SolutionItems) = preProject
		global.json = global.json
	EndProjectSection
EndProject
Project("{8BB2217D-0F2D-49D1-97BC-3654ED321F3B}") = "InColUn", "src\InColUn\InColUn.xproj", "{596C3845-1E81-4804-8722-4698086757A8}"
EndProject
Project("{FAE04EC0-301F-11D3-BF4B-00C04F79EFBC}") = "miniAuth", "src\miniAuth\miniAuth.csproj", "{5EA034BA-84CE-4AFA-9C22-C3FFCD3DE0B2}"
EndProject
Project("{8BB2217D-0F2D-49D1-97BC-3654ED321F3B}") = "miniAuth.Test", "test\miniAuth.Test\miniAuth.Test.xproj", "{3CB8D09E-5D81-418A-BBE2-038464D608D7}"
EndProject
Project("{FAE04EC0-301F-11D3-BF4B-00C04F79EFBC}") = "miniMetrics", "src\miniMetrics\miniMetrics.csproj", "{E451EF3E-EC82-441E-AB7E-676D0420B2C0}"
EndProject
Project("{FAE04EC0-301F-11D3-BF4B-00C04F79EFBC}") = "miniMetrics.Test", "test\miniMetrics.Test\miniMetrics.Test.csproj", "{55A9B443-9586-489B-817D-409C556976A0}"
EndProject
Project("{FAE04EC0-301F-11D3-BF4B-00C04F79EFBC}") = "FlakeGen", "src\FlakeGen\FlakeGen.csproj", "{51C42040-E634-471A-9D6A-F8D399E07D00}"
EndProject
Project("{2150E333-8FDC-42A3-9474-1A3956D46DE8}") = "test", "test", "{1DF9ED41-93E4-4FE0-947B-114D7F806B08}"
EndProject
Project("{FAE04EC0-301F-11D3-BF4B-00C04F79EFBC}") = "FlakeGen.Test", "test\FlakeGen.Test\FlakeGen.Test.csproj", "{DC3B9252-C93E-4E37-AA3C-AEF979D73DB6}"
EndProject
Project("{FAE04EC0-301F-11D3-BF4B-00C04F79EFBC}") = "Helpers", "src\Helpers\Helpers.csproj", "{7070D574-6D2D-4A2C-BCDE-E7942D1C9830}"
EndProject
Project("{FAE04EC0-301F-11D3-BF4B-00C04F79EFBC}") = "helpers.Test", "test\helpers.Test\helpers.Test.csproj", "{808DCD83-5E6F-4D23-B617-F6601E20125F}"
EndProject
Project("{FAE04EC0-301F-11D3-BF4B-00C04F79EFBC}") = "auth.Test", "test\auth.Test\auth.Test.csproj", "{37E88B41-3AAE-4724-9159-6831219267A5}"
EndProject
Project("{FAE04EC0-301F-11D3-BF4B-00C04F79EFBC}") = "InColUn.Db", "src\InColUn.Db\InColUn.Db.csproj", "{287B4008-EEA7-459E-975A-85FCFA544020}"
EndProject
Project("{FAE04EC0-301F-11D3-BF4B-00C04F79EFBC}") = "InColUn.Db.Test", "test\InColUn.Db.Test\InColUn.Db.Test.csproj", "{435921C3-F2F6-4727-BA5F-D163FF323EAF}"
EndProject
Global
	GlobalSection(SolutionConfigurationPlatforms) = preSolution
		Debug|Any CPU = Debug|Any CPU
		Release|Any CPU = Release|Any CPU
	EndGlobalSection
	GlobalSection(ProjectConfigurationPlatforms) = postSolution
		{596C3845-1E81-4804-8722-4698086757A8}.Debug|Any CPU.ActiveCfg = Debug|Any CPU
		{596C3845-1E81-4804-8722-4698086757A8}.Debug|Any CPU.Build.0 = Debug|Any CPU
		{596C3845-1E81-4804-8722-4698086757A8}.Release|Any CPU.ActiveCfg = Release|Any CPU
		{596C3845-1E81-4804-8722-4698086757A8}.Release|Any CPU.Build.0 = Release|Any CPU
		{5EA034BA-84CE-4AFA-9C22-C3FFCD3DE0B2}.Debug|Any CPU.ActiveCfg = Debug|Any CPU
		{5EA034BA-84CE-4AFA-9C22-C3FFCD3DE0B2}.Debug|Any CPU.Build.0 = Debug|Any CPU
		{5EA034BA-84CE-4AFA-9C22-C3FFCD3DE0B2}.Release|Any CPU.ActiveCfg = Release|Any CPU
		{5EA034BA-84CE-4AFA-9C22-C3FFCD3DE0B2}.Release|Any CPU.Build.0 = Release|Any CPU
		{3CB8D09E-5D81-418A-BBE2-038464D608D7}.Debug|Any CPU.ActiveCfg = Debug|Any CPU
		{3CB8D09E-5D81-418A-BBE2-038464D608D7}.Debug|Any CPU.Build.0 = Debug|Any CPU
		{3CB8D09E-5D81-418A-BBE2-038464D608D7}.Release|Any CPU.ActiveCfg = Release|Any CPU
		{3CB8D09E-5D81-418A-BBE2-038464D608D7}.Release|Any CPU.Build.0 = Release|Any CPU
		{E451EF3E-EC82-441E-AB7E-676D0420B2C0}.Debug|Any CPU.ActiveCfg = Debug|Any CPU
		{E451EF3E-EC82-441E-AB7E-676D0420B2C0}.Debug|Any CPU.Build.0 = Debug|Any CPU
		{E451EF3E-EC82-441E-AB7E-676D0420B2C0}.Release|Any CPU.ActiveCfg = Release|Any CPU
		{E451EF3E-EC82-441E-AB7E-676D0420B2C0}.Release|Any CPU.Build.0 = Release|Any CPU
		{55A9B443-9586-489B-817D-409C556976A0}.Debug|Any CPU.ActiveCfg = Debug|Any CPU
		{55A9B443-9586-489B-817D-409C556976A0}.Debug|Any CPU.Build.0 = Debug|Any CPU
		{55A9B443-9586-489B-817D-409C556976A0}.Release|Any CPU.ActiveCfg = Release|Any CPU
		{55A9B443-9586-489B-817D-409C556976A0}.Release|Any CPU.Build.0 = Release|Any CPU
		{51C42040-E634-471A-9D6A-F8D399E07D00}.Debug|Any CPU.ActiveCfg = Debug|Any CPU
		{51C42040-E634-471A-9D6A-F8D399E07D00}.Debug|Any CPU.Build.0 = Debug|Any CPU
		{51C42040-E634-471A-9D6A-F8D399E07D00}.Release|Any CPU.ActiveCfg = Release|Any CPU
		{51C42040-E634-471A-9D6A-F8D399E07D00}.Release|Any CPU.Build.0 = Release|Any CPU
		{DC3B9252-C93E-4E37-AA3C-AEF979D73DB6}.Debug|Any CPU.ActiveCfg = Debug|Any CPU
		{DC3B9252-C93E-4E37-AA3C-AEF979D73DB6}.Debug|Any CPU.Build.0 = Debug|Any CPU
		{DC3B9252-C93E-4E37-AA3C-AEF979D73DB6}.Release|Any CPU.ActiveCfg = Release|Any CPU
		{DC3B9252-C93E-4E37-AA3C-AEF979D73DB6}.Release|Any CPU.Build.0 = Release|Any CPU
		{7070D574-6D2D-4A2C-BCDE-E7942D1C9830}.Debug|Any CPU.ActiveCfg = Debug|Any CPU
		{7070D574-6D2D-4A2C-BCDE-E7942D1C9830}.Debug|Any CPU.Build.0 = Debug|Any CPU
		{7070D574-6D2D-4A2C-BCDE-E7942D1C9830}.Release|Any CPU.ActiveCfg = Release|Any CPU
		{7070D574-6D2D-4A2C-BCDE-E7942D1C9830}.Release|Any CPU.Build.0 = Release|Any CPU
		{808DCD83-5E6F-4D23-B617-F6601E20125F}.Debug|Any CPU.ActiveCfg = Debug|Any CPU
		{808DCD83-5E6F-4D23-B617-F6601E20125F}.Debug|Any CPU.Build.0 = Debug|Any CPU
		{808DCD83-5E6F-4D23-B617-F6601E20125F}.Release|Any CPU.ActiveCfg = Release|Any CPU
		{808DCD83-5E6F-4D23-B617-F6601E20125F}.Release|Any CPU.Build.0 = Release|Any CPU
		{37E88B41-3AAE-4724-9159-6831219267A5}.Debug|Any CPU.ActiveCfg = Debug|Any CPU
		{37E88B41-3AAE-4724-9159-6831219267A5}.Debug|Any CPU.Build.0 = Debug|Any CPU
		{37E88B41-3AAE-4724-9159-6831219267A5}.Release|Any CPU.ActiveCfg = Release|Any CPU
		{37E88B41-3AAE-4724-9159-6831219267A5}.Release|Any CPU.Build.0 = Release|Any CPU
		{287B4008-EEA7-459E-975A-85FCFA544020}.Debug|Any CPU.ActiveCfg = Debug|Any CPU
		{287B4008-EEA7-459E-975A-85FCFA544020}.Debug|Any CPU.Build.0 = Debug|Any CPU
		{287B4008-EEA7-459E-975A-85FCFA544020}.Release|Any CPU.ActiveCfg = Release|Any CPU
		{287B4008-EEA7-459E-975A-85FCFA544020}.Release|Any CPU.Build.0 = Release|Any CPU
		{435921C3-F2F6-4727-BA5F-D163FF323EAF}.Debug|Any CPU.ActiveCfg = Debug|Any CPU
		{435921C3-F2F6-4727-BA5F-D163FF323EAF}.Debug|Any CPU.Build.0 = Debug|Any CPU
		{435921C3-F2F6-4727-BA5F-D163FF323EAF}.Release|Any CPU.ActiveCfg = Release|Any CPU
		{435921C3-F2F6-4727-BA5F-D163FF323EAF}.Release|Any CPU.Build.0 = Release|Any CPU
	EndGlobalSection
	GlobalSection(SolutionProperties) = preSolution
		HideSolutionNode = FALSE
	EndGlobalSection
	GlobalSection(NestedProjects) = preSolution
		{596C3845-1E81-4804-8722-4698086757A8} = {E52B6475-7E01-4B09-B968-757B3DE1156A}
		{5EA034BA-84CE-4AFA-9C22-C3FFCD3DE0B2} = {E52B6475-7E01-4B09-B968-757B3DE1156A}
		{3CB8D09E-5D81-418A-BBE2-038464D608D7} = {1DF9ED41-93E4-4FE0-947B-114D7F806B08}
		{E451EF3E-EC82-441E-AB7E-676D0420B2C0} = {E52B6475-7E01-4B09-B968-757B3DE1156A}
		{55A9B443-9586-489B-817D-409C556976A0} = {1DF9ED41-93E4-4FE0-947B-114D7F806B08}
		{51C42040-E634-471A-9D6A-F8D399E07D00} = {E52B6475-7E01-4B09-B968-757B3DE1156A}
		{DC3B9252-C93E-4E37-AA3C-AEF979D73DB6} = {1DF9ED41-93E4-4FE0-947B-114D7F806B08}
		{7070D574-6D2D-4A2C-BCDE-E7942D1C9830} = {E52B6475-7E01-4B09-B968-757B3DE1156A}
		{808DCD83-5E6F-4D23-B617-F6601E20125F} = {1DF9ED41-93E4-4FE0-947B-114D7F806B08}
		{37E88B41-3AAE-4724-9159-6831219267A5} = {1DF9ED41-93E4-4FE0-947B-114D7F806B08}
		{287B4008-EEA7-459E-975A-85FCFA544020} = {E52B6475-7E01-4B09-B968-757B3DE1156A}
		{435921C3-F2F6-4727-BA5F-D163FF323EAF} = {1DF9ED41-93E4-4FE0-947B-114D7F806B08}
	EndGlobalSection
EndGlobal
