
Microsoft Visual Studio Solution File, Format Version 12.00
# Visual Studio 14
VisualStudioVersion = 14.0.25420.1
MinimumVisualStudioVersion = 10.0.40219.1
Project("{2150E333-8FDC-42A3-9474-1A3956D46DE8}") = "src", "src", "{E52B6475-7E01-4B09-B968-757B3DE1156A}"
EndProject
Project("{2150E333-8FDC-42A3-9474-1A3956D46DE8}") = "Solution Items", "Solution Items", "{593A21F6-D785-4A9D-8D3D-116195B82007}"
	ProjectSection(SolutionItems) = preProject
		global.json = global.json
	EndProjectSection
EndProject
Project("{8BB2217D-0F2D-49D1-97BC-3654ED321F3B}") = "InColUn", "src\backend\InColUn\InColUn.xproj", "{596C3845-1E81-4804-8722-4698086757A8}"
EndProject
Project("{2150E333-8FDC-42A3-9474-1A3956D46DE8}") = "test", "test", "{1DF9ED41-93E4-4FE0-947B-114D7F806B08}"
EndProject
Project("{8BB2217D-0F2D-49D1-97BC-3654ED321F3B}") = "Logger", "src\backend\Logger\Logger.xproj", "{EE6E8E02-CD96-4EE0-B5A9-8A8D311A7F63}"
EndProject
Project("{8BB2217D-0F2D-49D1-97BC-3654ED321F3B}") = "FlakeGen", "src\backend\FlakeGen\FlakeGen.xproj", "{9421CABE-88FE-42C3-BCEA-97D03FE78464}"
EndProject
Project("{8BB2217D-0F2D-49D1-97BC-3654ED321F3B}") = "FlakeGen.Test", "test\FlakeGen.Test\FlakeGen.Test.xproj", "{4C00574D-03D0-4A52-9CB1-DB78FF616E03}"
EndProject
Project("{8BB2217D-0F2D-49D1-97BC-3654ED321F3B}") = "Common", "src\backend\Common\Common.xproj", "{B50A9397-75E0-41CB-8563-21198E1E62E2}"
EndProject
Project("{2150E333-8FDC-42A3-9474-1A3956D46DE8}") = "samples", "samples", "{6AFFE1A3-6BCD-4BCA-AF23-88C49C78A619}"
EndProject
Project("{8BB2217D-0F2D-49D1-97BC-3654ED321F3B}") = "AuthLib.Test", "test\AuthLib.Test\AuthLib.Test.xproj", "{F58E976B-DD85-4D9B-9838-FC98EDB15DDA}"
EndProject
Project("{8BB2217D-0F2D-49D1-97BC-3654ED321F3B}") = "AuthLib", "src\backend\AuthLib\AuthLib.xproj", "{311E3407-6C65-4409-B124-6E6E11F8CC27}"
EndProject
Project("{8BB2217D-0F2D-49D1-97BC-3654ED321F3B}") = "DataServices", "src\backend\DataServices\DataServices.xproj", "{31D3BD54-E3ED-430A-AB1A-5700E2560B64}"
EndProject
Project("{8BB2217D-0F2D-49D1-97BC-3654ED321F3B}") = "MetricsLib", "src\backend\MetricsLib\MetricsLib.xproj", "{8C0B7A30-DC07-4793-BCBC-870DC76ED9B5}"
EndProject
Project("{8BB2217D-0F2D-49D1-97BC-3654ED321F3B}") = "DataServices.Test", "test\DataServices.Test\DataServices.Test.xproj", "{1DFF611D-33C3-4FE6-9BA3-D2760243B720}"
EndProject
Project("{8BB2217D-0F2D-49D1-97BC-3654ED321F3B}") = "Common.Test", "test\Common.Test\Common.Test.xproj", "{C09AFBD3-E680-41A7-9215-2F1BE99A27ED}"
EndProject
Project("{8BB2217D-0F2D-49D1-97BC-3654ED321F3B}") = "MetricsLib.Test", "test\MetricsLib.Test\MetricsLib.Test.xproj", "{A41D0D0A-A929-40F4-B2A0-5E9E972896A1}"
EndProject
Project("{8BB2217D-0F2D-49D1-97BC-3654ED321F3B}") = "miniAuth.Sample", "samples\miniAuth.Sample\miniAuth.Sample.xproj", "{68ECE05D-55CE-480A-A800-9AF5D3BD0F67}"
EndProject
Global
	GlobalSection(SolutionConfigurationPlatforms) = preSolution
		Debug|Any CPU = Debug|Any CPU
		Release|Any CPU = Release|Any CPU
	EndGlobalSection
	GlobalSection(ProjectConfigurationPlatforms) = postSolution
		{596C3845-1E81-4804-8722-4698086757A8}.Debug|Any CPU.ActiveCfg = Debug|Any CPU
		{596C3845-1E81-4804-8722-4698086757A8}.Debug|Any CPU.Build.0 = Debug|Any CPU
		{596C3845-1E81-4804-8722-4698086757A8}.Release|Any CPU.ActiveCfg = Release|Any CPU
		{596C3845-1E81-4804-8722-4698086757A8}.Release|Any CPU.Build.0 = Release|Any CPU
		{EE6E8E02-CD96-4EE0-B5A9-8A8D311A7F63}.Debug|Any CPU.ActiveCfg = Debug|Any CPU
		{EE6E8E02-CD96-4EE0-B5A9-8A8D311A7F63}.Debug|Any CPU.Build.0 = Debug|Any CPU
		{EE6E8E02-CD96-4EE0-B5A9-8A8D311A7F63}.Release|Any CPU.ActiveCfg = Release|Any CPU
		{EE6E8E02-CD96-4EE0-B5A9-8A8D311A7F63}.Release|Any CPU.Build.0 = Release|Any CPU
		{9421CABE-88FE-42C3-BCEA-97D03FE78464}.Debug|Any CPU.ActiveCfg = Debug|Any CPU
		{9421CABE-88FE-42C3-BCEA-97D03FE78464}.Debug|Any CPU.Build.0 = Debug|Any CPU
		{9421CABE-88FE-42C3-BCEA-97D03FE78464}.Release|Any CPU.ActiveCfg = Release|Any CPU
		{9421CABE-88FE-42C3-BCEA-97D03FE78464}.Release|Any CPU.Build.0 = Release|Any CPU
		{4C00574D-03D0-4A52-9CB1-DB78FF616E03}.Debug|Any CPU.ActiveCfg = Debug|Any CPU
		{4C00574D-03D0-4A52-9CB1-DB78FF616E03}.Debug|Any CPU.Build.0 = Debug|Any CPU
		{4C00574D-03D0-4A52-9CB1-DB78FF616E03}.Release|Any CPU.ActiveCfg = Release|Any CPU
		{4C00574D-03D0-4A52-9CB1-DB78FF616E03}.Release|Any CPU.Build.0 = Release|Any CPU
		{B50A9397-75E0-41CB-8563-21198E1E62E2}.Debug|Any CPU.ActiveCfg = Debug|Any CPU
		{B50A9397-75E0-41CB-8563-21198E1E62E2}.Debug|Any CPU.Build.0 = Debug|Any CPU
		{B50A9397-75E0-41CB-8563-21198E1E62E2}.Release|Any CPU.ActiveCfg = Release|Any CPU
		{B50A9397-75E0-41CB-8563-21198E1E62E2}.Release|Any CPU.Build.0 = Release|Any CPU
		{F58E976B-DD85-4D9B-9838-FC98EDB15DDA}.Debug|Any CPU.ActiveCfg = Debug|Any CPU
		{F58E976B-DD85-4D9B-9838-FC98EDB15DDA}.Debug|Any CPU.Build.0 = Debug|Any CPU
		{F58E976B-DD85-4D9B-9838-FC98EDB15DDA}.Release|Any CPU.ActiveCfg = Release|Any CPU
		{F58E976B-DD85-4D9B-9838-FC98EDB15DDA}.Release|Any CPU.Build.0 = Release|Any CPU
		{311E3407-6C65-4409-B124-6E6E11F8CC27}.Debug|Any CPU.ActiveCfg = Debug|Any CPU
		{311E3407-6C65-4409-B124-6E6E11F8CC27}.Debug|Any CPU.Build.0 = Debug|Any CPU
		{311E3407-6C65-4409-B124-6E6E11F8CC27}.Release|Any CPU.ActiveCfg = Release|Any CPU
		{311E3407-6C65-4409-B124-6E6E11F8CC27}.Release|Any CPU.Build.0 = Release|Any CPU
		{31D3BD54-E3ED-430A-AB1A-5700E2560B64}.Debug|Any CPU.ActiveCfg = Debug|Any CPU
		{31D3BD54-E3ED-430A-AB1A-5700E2560B64}.Debug|Any CPU.Build.0 = Debug|Any CPU
		{31D3BD54-E3ED-430A-AB1A-5700E2560B64}.Release|Any CPU.ActiveCfg = Release|Any CPU
		{31D3BD54-E3ED-430A-AB1A-5700E2560B64}.Release|Any CPU.Build.0 = Release|Any CPU
		{8C0B7A30-DC07-4793-BCBC-870DC76ED9B5}.Debug|Any CPU.ActiveCfg = Debug|Any CPU
		{8C0B7A30-DC07-4793-BCBC-870DC76ED9B5}.Debug|Any CPU.Build.0 = Debug|Any CPU
		{8C0B7A30-DC07-4793-BCBC-870DC76ED9B5}.Release|Any CPU.ActiveCfg = Release|Any CPU
		{8C0B7A30-DC07-4793-BCBC-870DC76ED9B5}.Release|Any CPU.Build.0 = Release|Any CPU
		{1DFF611D-33C3-4FE6-9BA3-D2760243B720}.Debug|Any CPU.ActiveCfg = Debug|Any CPU
		{1DFF611D-33C3-4FE6-9BA3-D2760243B720}.Debug|Any CPU.Build.0 = Debug|Any CPU
		{1DFF611D-33C3-4FE6-9BA3-D2760243B720}.Release|Any CPU.ActiveCfg = Release|Any CPU
		{1DFF611D-33C3-4FE6-9BA3-D2760243B720}.Release|Any CPU.Build.0 = Release|Any CPU
		{C09AFBD3-E680-41A7-9215-2F1BE99A27ED}.Debug|Any CPU.ActiveCfg = Debug|Any CPU
		{C09AFBD3-E680-41A7-9215-2F1BE99A27ED}.Debug|Any CPU.Build.0 = Debug|Any CPU
		{C09AFBD3-E680-41A7-9215-2F1BE99A27ED}.Release|Any CPU.ActiveCfg = Release|Any CPU
		{C09AFBD3-E680-41A7-9215-2F1BE99A27ED}.Release|Any CPU.Build.0 = Release|Any CPU
		{A41D0D0A-A929-40F4-B2A0-5E9E972896A1}.Debug|Any CPU.ActiveCfg = Debug|Any CPU
		{A41D0D0A-A929-40F4-B2A0-5E9E972896A1}.Debug|Any CPU.Build.0 = Debug|Any CPU
		{A41D0D0A-A929-40F4-B2A0-5E9E972896A1}.Release|Any CPU.ActiveCfg = Release|Any CPU
		{A41D0D0A-A929-40F4-B2A0-5E9E972896A1}.Release|Any CPU.Build.0 = Release|Any CPU
		{68ECE05D-55CE-480A-A800-9AF5D3BD0F67}.Debug|Any CPU.ActiveCfg = Debug|Any CPU
		{68ECE05D-55CE-480A-A800-9AF5D3BD0F67}.Debug|Any CPU.Build.0 = Debug|Any CPU
		{68ECE05D-55CE-480A-A800-9AF5D3BD0F67}.Release|Any CPU.ActiveCfg = Release|Any CPU
		{68ECE05D-55CE-480A-A800-9AF5D3BD0F67}.Release|Any CPU.Build.0 = Release|Any CPU
	EndGlobalSection
	GlobalSection(SolutionProperties) = preSolution
		HideSolutionNode = FALSE
	EndGlobalSection
	GlobalSection(NestedProjects) = preSolution
		{596C3845-1E81-4804-8722-4698086757A8} = {E52B6475-7E01-4B09-B968-757B3DE1156A}
		{EE6E8E02-CD96-4EE0-B5A9-8A8D311A7F63} = {E52B6475-7E01-4B09-B968-757B3DE1156A}
		{9421CABE-88FE-42C3-BCEA-97D03FE78464} = {E52B6475-7E01-4B09-B968-757B3DE1156A}
		{4C00574D-03D0-4A52-9CB1-DB78FF616E03} = {1DF9ED41-93E4-4FE0-947B-114D7F806B08}
		{B50A9397-75E0-41CB-8563-21198E1E62E2} = {E52B6475-7E01-4B09-B968-757B3DE1156A}
		{F58E976B-DD85-4D9B-9838-FC98EDB15DDA} = {1DF9ED41-93E4-4FE0-947B-114D7F806B08}
		{311E3407-6C65-4409-B124-6E6E11F8CC27} = {E52B6475-7E01-4B09-B968-757B3DE1156A}
		{31D3BD54-E3ED-430A-AB1A-5700E2560B64} = {E52B6475-7E01-4B09-B968-757B3DE1156A}
		{8C0B7A30-DC07-4793-BCBC-870DC76ED9B5} = {E52B6475-7E01-4B09-B968-757B3DE1156A}
		{1DFF611D-33C3-4FE6-9BA3-D2760243B720} = {1DF9ED41-93E4-4FE0-947B-114D7F806B08}
		{C09AFBD3-E680-41A7-9215-2F1BE99A27ED} = {1DF9ED41-93E4-4FE0-947B-114D7F806B08}
		{A41D0D0A-A929-40F4-B2A0-5E9E972896A1} = {1DF9ED41-93E4-4FE0-947B-114D7F806B08}
		{68ECE05D-55CE-480A-A800-9AF5D3BD0F67} = {6AFFE1A3-6BCD-4BCA-AF23-88C49C78A619}
	EndGlobalSection
EndGlobal
